// !$*UTF8*$!
{
	archiveVersion = 1;
	classes = {
	};
	objectVersion = 46;
	objects = {

/* Begin PBXBuildFile section */
		1BEFD8261D13B2A700FC2E6D /* main.m in Sources */ = {isa = PBXBuildFile; fileRef = 1BEFD8251D13B2A700FC2E6D /* main.m */; };
		1BEFD8291D13B2A700FC2E6D /* AppDelegate.m in Sources */ = {isa = PBXBuildFile; fileRef = 1BEFD8281D13B2A700FC2E6D /* AppDelegate.m */; };
		1BEFD82C1D13B2A700FC2E6D /* ViewController.m in Sources */ = {isa = PBXBuildFile; fileRef = 1BEFD82B1D13B2A700FC2E6D /* ViewController.m */; };
		1BEFD82F1D13B2A700FC2E6D /* Main.storyboard in Resources */ = {isa = PBXBuildFile; fileRef = 1BEFD82D1D13B2A700FC2E6D /* Main.storyboard */; };
		1BEFD8311D13B2A700FC2E6D /* Assets.xcassets in Resources */ = {isa = PBXBuildFile; fileRef = 1BEFD8301D13B2A700FC2E6D /* Assets.xcassets */; };
		1BEFD8341D13B2A700FC2E6D /* LaunchScreen.storyboard in Resources */ = {isa = PBXBuildFile; fileRef = 1BEFD8321D13B2A700FC2E6D /* LaunchScreen.storyboard */; };
		1BEFD83D1D13B36500FC2E6D /* SignUpViewController.m in Sources */ = {isa = PBXBuildFile; fileRef = 1BEFD83C1D13B36500FC2E6D /* SignUpViewController.m */; };
		1BEFD8401D13B37E00FC2E6D /* VerifyNumberViewController.m in Sources */ = {isa = PBXBuildFile; fileRef = 1BEFD83F1D13B37E00FC2E6D /* VerifyNumberViewController.m */; };
		1BEFD8431D13B3AE00FC2E6D /* AccountSetUpViewController.m in Sources */ = {isa = PBXBuildFile; fileRef = 1BEFD8421D13B3AE00FC2E6D /* AccountSetUpViewController.m */; };
		1BEFD8461D13B3BA00FC2E6D /* TransferAccountViewController.m in Sources */ = {isa = PBXBuildFile; fileRef = 1BEFD8451D13B3BA00FC2E6D /* TransferAccountViewController.m */; };
		1BEFD8641D13B3F500FC2E6D /* NBAsYouTypeFormatter.m in Sources */ = {isa = PBXBuildFile; fileRef = 1BEFD84A1D13B3F500FC2E6D /* NBAsYouTypeFormatter.m */; };
		1BEFD8651D13B3F500FC2E6D /* NBMetadataCore.m in Sources */ = {isa = PBXBuildFile; fileRef = 1BEFD84C1D13B3F500FC2E6D /* NBMetadataCore.m */; };
		1BEFD8661D13B3F500FC2E6D /* NBMetadataCoreMapper.m in Sources */ = {isa = PBXBuildFile; fileRef = 1BEFD84E1D13B3F500FC2E6D /* NBMetadataCoreMapper.m */; };
		1BEFD8671D13B3F500FC2E6D /* NBMetadataCoreTest.m in Sources */ = {isa = PBXBuildFile; fileRef = 1BEFD8501D13B3F500FC2E6D /* NBMetadataCoreTest.m */; };
		1BEFD8681D13B3F500FC2E6D /* NBMetadataCoreTestMapper.m in Sources */ = {isa = PBXBuildFile; fileRef = 1BEFD8521D13B3F500FC2E6D /* NBMetadataCoreTestMapper.m */; };
		1BEFD8691D13B3F500FC2E6D /* NBMetadataHelper.m in Sources */ = {isa = PBXBuildFile; fileRef = 1BEFD8541D13B3F500FC2E6D /* NBMetadataHelper.m */; };
		1BEFD86A1D13B3F500FC2E6D /* NBNumberFormat.m in Sources */ = {isa = PBXBuildFile; fileRef = 1BEFD8561D13B3F500FC2E6D /* NBNumberFormat.m */; };
		1BEFD86B1D13B3F500FC2E6D /* NBPhoneMetaData.m in Sources */ = {isa = PBXBuildFile; fileRef = 1BEFD8581D13B3F500FC2E6D /* NBPhoneMetaData.m */; };
		1BEFD86C1D13B3F500FC2E6D /* NBPhoneMetaDataGenerator.m in Sources */ = {isa = PBXBuildFile; fileRef = 1BEFD85A1D13B3F500FC2E6D /* NBPhoneMetaDataGenerator.m */; };
		1BEFD86D1D13B3F500FC2E6D /* NBPhoneNumber.m in Sources */ = {isa = PBXBuildFile; fileRef = 1BEFD85C1D13B3F500FC2E6D /* NBPhoneNumber.m */; };
		1BEFD86E1D13B3F500FC2E6D /* NBPhoneNumberDefines.m in Sources */ = {isa = PBXBuildFile; fileRef = 1BEFD85E1D13B3F500FC2E6D /* NBPhoneNumberDefines.m */; };
		1BEFD86F1D13B3F500FC2E6D /* NBPhoneNumberDesc.m in Sources */ = {isa = PBXBuildFile; fileRef = 1BEFD8601D13B3F500FC2E6D /* NBPhoneNumberDesc.m */; };
		1BEFD8701D13B3F500FC2E6D /* NBPhoneNumberMetadata.plist in Resources */ = {isa = PBXBuildFile; fileRef = 1BEFD8611D13B3F500FC2E6D /* NBPhoneNumberMetadata.plist */; };
		1BEFD8711D13B3F500FC2E6D /* NBPhoneNumberUtil.m in Sources */ = {isa = PBXBuildFile; fileRef = 1BEFD8631D13B3F500FC2E6D /* NBPhoneNumberUtil.m */; };
		1BEFD8781D13B4B000FC2E6D /* NetWork.m in Sources */ = {isa = PBXBuildFile; fileRef = 1BEFD8771D13B4B000FC2E6D /* NetWork.m */; };
		1BEFD87B1D13B4C700FC2E6D /* MyInformationDataHandler.m in Sources */ = {isa = PBXBuildFile; fileRef = 1BEFD87A1D13B4C700FC2E6D /* MyInformationDataHandler.m */; };
		1BEFD87F1D13B51100FC2E6D /* LoginRequest.m in Sources */ = {isa = PBXBuildFile; fileRef = 1BEFD87E1D13B51100FC2E6D /* LoginRequest.m */; };
		1BEFD8821D13B51E00FC2E6D /* VerifyUserNameRequest.m in Sources */ = {isa = PBXBuildFile; fileRef = 1BEFD8811D13B51E00FC2E6D /* VerifyUserNameRequest.m */; };
		1BEFD8851D13B52800FC2E6D /* VerifyEnrollmentCodeRequest.m in Sources */ = {isa = PBXBuildFile; fileRef = 1BEFD8841D13B52800FC2E6D /* VerifyEnrollmentCodeRequest.m */; };
		1BEFD8881D13B53300FC2E6D /* RegisterUserRequest.m in Sources */ = {isa = PBXBuildFile; fileRef = 1BEFD8871D13B53300FC2E6D /* RegisterUserRequest.m */; };
		1BEFD88B1D13B53F00FC2E6D /* TransferFinancialRequest.m in Sources */ = {isa = PBXBuildFile; fileRef = 1BEFD88A1D13B53F00FC2E6D /* TransferFinancialRequest.m */; };
		1BEFD88E1D13B54C00FC2E6D /* SignInRequest.m in Sources */ = {isa = PBXBuildFile; fileRef = 1BEFD88D1D13B54C00FC2E6D /* SignInRequest.m */; };
		1BEFD8911D13B55600FC2E6D /* ResetPasswordRequest.m in Sources */ = {isa = PBXBuildFile; fileRef = 1BEFD8901D13B55600FC2E6D /* ResetPasswordRequest.m */; };
		1BEFD8941D13B56B00FC2E6D /* LoginResponse.m in Sources */ = {isa = PBXBuildFile; fileRef = 1BEFD8931D13B56B00FC2E6D /* LoginResponse.m */; };
		1BEFD8971D13B59100FC2E6D /* VerifyUserNameResponse.m in Sources */ = {isa = PBXBuildFile; fileRef = 1BEFD8961D13B59100FC2E6D /* VerifyUserNameResponse.m */; };
		1BEFD89A1D13B59B00FC2E6D /* VerifyEnrollmentCodeResponse.m in Sources */ = {isa = PBXBuildFile; fileRef = 1BEFD8991D13B59B00FC2E6D /* VerifyEnrollmentCodeResponse.m */; };
		1BEFD89D1D13B5A600FC2E6D /* RegisterUserResponse.m in Sources */ = {isa = PBXBuildFile; fileRef = 1BEFD89C1D13B5A500FC2E6D /* RegisterUserResponse.m */; };
		1BEFD8A01D13B5B000FC2E6D /* SignInResponse.m in Sources */ = {isa = PBXBuildFile; fileRef = 1BEFD89F1D13B5B000FC2E6D /* SignInResponse.m */; };
		1BEFD8A31D13B5BB00FC2E6D /* ResetPasswordResponse.m in Sources */ = {isa = PBXBuildFile; fileRef = 1BEFD8A21D13B5BB00FC2E6D /* ResetPasswordResponse.m */; };
		1BEFD8AE1D13B68100FC2E6D /* CountryCell.m in Sources */ = {isa = PBXBuildFile; fileRef = 1BEFD8AD1D13B68100FC2E6D /* CountryCell.m */; };
		1BEFD8B31D13B6AC00FC2E6D /* ViewUtility.m in Sources */ = {isa = PBXBuildFile; fileRef = 1BEFD8B21D13B6AC00FC2E6D /* ViewUtility.m */; };
		1BEFD8B51D13B6B800FC2E6D /* Flags.xcassets in Resources */ = {isa = PBXBuildFile; fileRef = 1BEFD8B41D13B6B800FC2E6D /* Flags.xcassets */; };
		1BEFD8B81D13B7CF00FC2E6D /* LoginViewController.m in Sources */ = {isa = PBXBuildFile; fileRef = 1BEFD8B71D13B7CF00FC2E6D /* LoginViewController.m */; };
/* End PBXBuildFile section */

/* Begin PBXFileReference section */
		1BEFD8211D13B2A700FC2E6D /* iPlum.app */ = {isa = PBXFileReference; explicitFileType = wrapper.application; includeInIndex = 0; path = iPlum.app; sourceTree = BUILT_PRODUCTS_DIR; };
		1BEFD8251D13B2A700FC2E6D /* main.m */ = {isa = PBXFileReference; lastKnownFileType = sourcecode.c.objc; path = main.m; sourceTree = "<group>"; };
		1BEFD8271D13B2A700FC2E6D /* AppDelegate.h */ = {isa = PBXFileReference; lastKnownFileType = sourcecode.c.h; path = AppDelegate.h; sourceTree = "<group>"; };
		1BEFD8281D13B2A700FC2E6D /* AppDelegate.m */ = {isa = PBXFileReference; lastKnownFileType = sourcecode.c.objc; path = AppDelegate.m; sourceTree = "<group>"; };
		1BEFD82A1D13B2A700FC2E6D /* ViewController.h */ = {isa = PBXFileReference; lastKnownFileType = sourcecode.c.h; path = ViewController.h; sourceTree = "<group>"; };
		1BEFD82B1D13B2A700FC2E6D /* ViewController.m */ = {isa = PBXFileReference; lastKnownFileType = sourcecode.c.objc; path = ViewController.m; sourceTree = "<group>"; };
		1BEFD82E1D13B2A700FC2E6D /* Base */ = {isa = PBXFileReference; lastKnownFileType = file.storyboard; name = Base; path = Base.lproj/Main.storyboard; sourceTree = "<group>"; };
		1BEFD8301D13B2A700FC2E6D /* Assets.xcassets */ = {isa = PBXFileReference; lastKnownFileType = folder.assetcatalog; path = Assets.xcassets; sourceTree = "<group>"; };
		1BEFD8331D13B2A700FC2E6D /* Base */ = {isa = PBXFileReference; lastKnownFileType = file.storyboard; name = Base; path = Base.lproj/LaunchScreen.storyboard; sourceTree = "<group>"; };
		1BEFD8351D13B2A700FC2E6D /* Info.plist */ = {isa = PBXFileReference; lastKnownFileType = text.plist.xml; path = Info.plist; sourceTree = "<group>"; };
		1BEFD83B1D13B36500FC2E6D /* SignUpViewController.h */ = {isa = PBXFileReference; fileEncoding = 4; lastKnownFileType = sourcecode.c.h; path = SignUpViewController.h; sourceTree = "<group>"; };
		1BEFD83C1D13B36500FC2E6D /* SignUpViewController.m */ = {isa = PBXFileReference; fileEncoding = 4; lastKnownFileType = sourcecode.c.objc; path = SignUpViewController.m; sourceTree = "<group>"; };
		1BEFD83E1D13B37E00FC2E6D /* VerifyNumberViewController.h */ = {isa = PBXFileReference; fileEncoding = 4; lastKnownFileType = sourcecode.c.h; path = VerifyNumberViewController.h; sourceTree = "<group>"; };
		1BEFD83F1D13B37E00FC2E6D /* VerifyNumberViewController.m */ = {isa = PBXFileReference; fileEncoding = 4; lastKnownFileType = sourcecode.c.objc; path = VerifyNumberViewController.m; sourceTree = "<group>"; };
		1BEFD8411D13B3AE00FC2E6D /* AccountSetUpViewController.h */ = {isa = PBXFileReference; fileEncoding = 4; lastKnownFileType = sourcecode.c.h; path = AccountSetUpViewController.h; sourceTree = "<group>"; };
		1BEFD8421D13B3AE00FC2E6D /* AccountSetUpViewController.m */ = {isa = PBXFileReference; fileEncoding = 4; lastKnownFileType = sourcecode.c.objc; path = AccountSetUpViewController.m; sourceTree = "<group>"; };
		1BEFD8441D13B3BA00FC2E6D /* TransferAccountViewController.h */ = {isa = PBXFileReference; fileEncoding = 4; lastKnownFileType = sourcecode.c.h; path = TransferAccountViewController.h; sourceTree = "<group>"; };
		1BEFD8451D13B3BA00FC2E6D /* TransferAccountViewController.m */ = {isa = PBXFileReference; fileEncoding = 4; lastKnownFileType = sourcecode.c.objc; path = TransferAccountViewController.m; sourceTree = "<group>"; };
		1BEFD8491D13B3F500FC2E6D /* NBAsYouTypeFormatter.h */ = {isa = PBXFileReference; fileEncoding = 4; lastKnownFileType = sourcecode.c.h; path = NBAsYouTypeFormatter.h; sourceTree = "<group>"; };
		1BEFD84A1D13B3F500FC2E6D /* NBAsYouTypeFormatter.m */ = {isa = PBXFileReference; fileEncoding = 4; lastKnownFileType = sourcecode.c.objc; path = NBAsYouTypeFormatter.m; sourceTree = "<group>"; };
		1BEFD84B1D13B3F500FC2E6D /* NBMetadataCore.h */ = {isa = PBXFileReference; fileEncoding = 4; lastKnownFileType = sourcecode.c.h; path = NBMetadataCore.h; sourceTree = "<group>"; };
		1BEFD84C1D13B3F500FC2E6D /* NBMetadataCore.m */ = {isa = PBXFileReference; fileEncoding = 4; lastKnownFileType = sourcecode.c.objc; path = NBMetadataCore.m; sourceTree = "<group>"; };
		1BEFD84D1D13B3F500FC2E6D /* NBMetadataCoreMapper.h */ = {isa = PBXFileReference; fileEncoding = 4; lastKnownFileType = sourcecode.c.h; path = NBMetadataCoreMapper.h; sourceTree = "<group>"; };
		1BEFD84E1D13B3F500FC2E6D /* NBMetadataCoreMapper.m */ = {isa = PBXFileReference; fileEncoding = 4; lastKnownFileType = sourcecode.c.objc; path = NBMetadataCoreMapper.m; sourceTree = "<group>"; };
		1BEFD84F1D13B3F500FC2E6D /* NBMetadataCoreTest.h */ = {isa = PBXFileReference; fileEncoding = 4; lastKnownFileType = sourcecode.c.h; path = NBMetadataCoreTest.h; sourceTree = "<group>"; };
		1BEFD8501D13B3F500FC2E6D /* NBMetadataCoreTest.m */ = {isa = PBXFileReference; fileEncoding = 4; lastKnownFileType = sourcecode.c.objc; path = NBMetadataCoreTest.m; sourceTree = "<group>"; };
		1BEFD8511D13B3F500FC2E6D /* NBMetadataCoreTestMapper.h */ = {isa = PBXFileReference; fileEncoding = 4; lastKnownFileType = sourcecode.c.h; path = NBMetadataCoreTestMapper.h; sourceTree = "<group>"; };
		1BEFD8521D13B3F500FC2E6D /* NBMetadataCoreTestMapper.m */ = {isa = PBXFileReference; fileEncoding = 4; lastKnownFileType = sourcecode.c.objc; path = NBMetadataCoreTestMapper.m; sourceTree = "<group>"; };
		1BEFD8531D13B3F500FC2E6D /* NBMetadataHelper.h */ = {isa = PBXFileReference; fileEncoding = 4; lastKnownFileType = sourcecode.c.h; path = NBMetadataHelper.h; sourceTree = "<group>"; };
		1BEFD8541D13B3F500FC2E6D /* NBMetadataHelper.m */ = {isa = PBXFileReference; fileEncoding = 4; lastKnownFileType = sourcecode.c.objc; path = NBMetadataHelper.m; sourceTree = "<group>"; };
		1BEFD8551D13B3F500FC2E6D /* NBNumberFormat.h */ = {isa = PBXFileReference; fileEncoding = 4; lastKnownFileType = sourcecode.c.h; path = NBNumberFormat.h; sourceTree = "<group>"; };
		1BEFD8561D13B3F500FC2E6D /* NBNumberFormat.m */ = {isa = PBXFileReference; fileEncoding = 4; lastKnownFileType = sourcecode.c.objc; path = NBNumberFormat.m; sourceTree = "<group>"; };
		1BEFD8571D13B3F500FC2E6D /* NBPhoneMetaData.h */ = {isa = PBXFileReference; fileEncoding = 4; lastKnownFileType = sourcecode.c.h; path = NBPhoneMetaData.h; sourceTree = "<group>"; };
		1BEFD8581D13B3F500FC2E6D /* NBPhoneMetaData.m */ = {isa = PBXFileReference; fileEncoding = 4; lastKnownFileType = sourcecode.c.objc; path = NBPhoneMetaData.m; sourceTree = "<group>"; };
		1BEFD8591D13B3F500FC2E6D /* NBPhoneMetaDataGenerator.h */ = {isa = PBXFileReference; fileEncoding = 4; lastKnownFileType = sourcecode.c.h; path = NBPhoneMetaDataGenerator.h; sourceTree = "<group>"; };
		1BEFD85A1D13B3F500FC2E6D /* NBPhoneMetaDataGenerator.m */ = {isa = PBXFileReference; fileEncoding = 4; lastKnownFileType = sourcecode.c.objc; path = NBPhoneMetaDataGenerator.m; sourceTree = "<group>"; };
		1BEFD85B1D13B3F500FC2E6D /* NBPhoneNumber.h */ = {isa = PBXFileReference; fileEncoding = 4; lastKnownFileType = sourcecode.c.h; path = NBPhoneNumber.h; sourceTree = "<group>"; };
		1BEFD85C1D13B3F500FC2E6D /* NBPhoneNumber.m */ = {isa = PBXFileReference; fileEncoding = 4; lastKnownFileType = sourcecode.c.objc; path = NBPhoneNumber.m; sourceTree = "<group>"; };
		1BEFD85D1D13B3F500FC2E6D /* NBPhoneNumberDefines.h */ = {isa = PBXFileReference; fileEncoding = 4; lastKnownFileType = sourcecode.c.h; path = NBPhoneNumberDefines.h; sourceTree = "<group>"; };
		1BEFD85E1D13B3F500FC2E6D /* NBPhoneNumberDefines.m */ = {isa = PBXFileReference; fileEncoding = 4; lastKnownFileType = sourcecode.c.objc; path = NBPhoneNumberDefines.m; sourceTree = "<group>"; };
		1BEFD85F1D13B3F500FC2E6D /* NBPhoneNumberDesc.h */ = {isa = PBXFileReference; fileEncoding = 4; lastKnownFileType = sourcecode.c.h; path = NBPhoneNumberDesc.h; sourceTree = "<group>"; };
		1BEFD8601D13B3F500FC2E6D /* NBPhoneNumberDesc.m */ = {isa = PBXFileReference; fileEncoding = 4; lastKnownFileType = sourcecode.c.objc; path = NBPhoneNumberDesc.m; sourceTree = "<group>"; };
		1BEFD8611D13B3F500FC2E6D /* NBPhoneNumberMetadata.plist */ = {isa = PBXFileReference; lastKnownFileType = file.bplist; path = NBPhoneNumberMetadata.plist; sourceTree = "<group>"; };
		1BEFD8621D13B3F500FC2E6D /* NBPhoneNumberUtil.h */ = {isa = PBXFileReference; fileEncoding = 4; lastKnownFileType = sourcecode.c.h; path = NBPhoneNumberUtil.h; sourceTree = "<group>"; };
		1BEFD8631D13B3F500FC2E6D /* NBPhoneNumberUtil.m */ = {isa = PBXFileReference; fileEncoding = 4; lastKnownFileType = sourcecode.c.objc; path = NBPhoneNumberUtil.m; sourceTree = "<group>"; };
		1BEFD8761D13B4B000FC2E6D /* NetWork.h */ = {isa = PBXFileReference; fileEncoding = 4; lastKnownFileType = sourcecode.c.h; path = NetWork.h; sourceTree = "<group>"; };
		1BEFD8771D13B4B000FC2E6D /* NetWork.m */ = {isa = PBXFileReference; fileEncoding = 4; lastKnownFileType = sourcecode.c.objc; path = NetWork.m; sourceTree = "<group>"; };
		1BEFD8791D13B4C700FC2E6D /* MyInformationDataHandler.h */ = {isa = PBXFileReference; fileEncoding = 4; lastKnownFileType = sourcecode.c.h; path = MyInformationDataHandler.h; sourceTree = "<group>"; };
		1BEFD87A1D13B4C700FC2E6D /* MyInformationDataHandler.m */ = {isa = PBXFileReference; fileEncoding = 4; lastKnownFileType = sourcecode.c.objc; path = MyInformationDataHandler.m; sourceTree = "<group>"; };
		1BEFD87D1D13B51100FC2E6D /* LoginRequest.h */ = {isa = PBXFileReference; fileEncoding = 4; lastKnownFileType = sourcecode.c.h; path = LoginRequest.h; sourceTree = "<group>"; };
		1BEFD87E1D13B51100FC2E6D /* LoginRequest.m */ = {isa = PBXFileReference; fileEncoding = 4; lastKnownFileType = sourcecode.c.objc; path = LoginRequest.m; sourceTree = "<group>"; };
		1BEFD8801D13B51E00FC2E6D /* VerifyUserNameRequest.h */ = {isa = PBXFileReference; fileEncoding = 4; lastKnownFileType = sourcecode.c.h; path = VerifyUserNameRequest.h; sourceTree = "<group>"; };
		1BEFD8811D13B51E00FC2E6D /* VerifyUserNameRequest.m */ = {isa = PBXFileReference; fileEncoding = 4; lastKnownFileType = sourcecode.c.objc; path = VerifyUserNameRequest.m; sourceTree = "<group>"; };
		1BEFD8831D13B52800FC2E6D /* VerifyEnrollmentCodeRequest.h */ = {isa = PBXFileReference; fileEncoding = 4; lastKnownFileType = sourcecode.c.h; path = VerifyEnrollmentCodeRequest.h; sourceTree = "<group>"; };
		1BEFD8841D13B52800FC2E6D /* VerifyEnrollmentCodeRequest.m */ = {isa = PBXFileReference; fileEncoding = 4; lastKnownFileType = sourcecode.c.objc; path = VerifyEnrollmentCodeRequest.m; sourceTree = "<group>"; };
		1BEFD8861D13B53200FC2E6D /* RegisterUserRequest.h */ = {isa = PBXFileReference; fileEncoding = 4; lastKnownFileType = sourcecode.c.h; path = RegisterUserRequest.h; sourceTree = "<group>"; };
		1BEFD8871D13B53300FC2E6D /* RegisterUserRequest.m */ = {isa = PBXFileReference; fileEncoding = 4; lastKnownFileType = sourcecode.c.objc; path = RegisterUserRequest.m; sourceTree = "<group>"; };
		1BEFD8891D13B53F00FC2E6D /* TransferFinancialRequest.h */ = {isa = PBXFileReference; fileEncoding = 4; lastKnownFileType = sourcecode.c.h; path = TransferFinancialRequest.h; sourceTree = "<group>"; };
		1BEFD88A1D13B53F00FC2E6D /* TransferFinancialRequest.m */ = {isa = PBXFileReference; fileEncoding = 4; lastKnownFileType = sourcecode.c.objc; path = TransferFinancialRequest.m; sourceTree = "<group>"; };
		1BEFD88C1D13B54C00FC2E6D /* SignInRequest.h */ = {isa = PBXFileReference; fileEncoding = 4; lastKnownFileType = sourcecode.c.h; path = SignInRequest.h; sourceTree = "<group>"; };
		1BEFD88D1D13B54C00FC2E6D /* SignInRequest.m */ = {isa = PBXFileReference; fileEncoding = 4; lastKnownFileType = sourcecode.c.objc; path = SignInRequest.m; sourceTree = "<group>"; };
		1BEFD88F1D13B55600FC2E6D /* ResetPasswordRequest.h */ = {isa = PBXFileReference; fileEncoding = 4; lastKnownFileType = sourcecode.c.h; path = ResetPasswordRequest.h; sourceTree = "<group>"; };
		1BEFD8901D13B55600FC2E6D /* ResetPasswordRequest.m */ = {isa = PBXFileReference; fileEncoding = 4; lastKnownFileType = sourcecode.c.objc; path = ResetPasswordRequest.m; sourceTree = "<group>"; };
		1BEFD8921D13B56B00FC2E6D /* LoginResponse.h */ = {isa = PBXFileReference; fileEncoding = 4; lastKnownFileType = sourcecode.c.h; path = LoginResponse.h; sourceTree = "<group>"; };
		1BEFD8931D13B56B00FC2E6D /* LoginResponse.m */ = {isa = PBXFileReference; fileEncoding = 4; lastKnownFileType = sourcecode.c.objc; path = LoginResponse.m; sourceTree = "<group>"; };
		1BEFD8951D13B59100FC2E6D /* VerifyUserNameResponse.h */ = {isa = PBXFileReference; fileEncoding = 4; lastKnownFileType = sourcecode.c.h; path = VerifyUserNameResponse.h; sourceTree = "<group>"; };
		1BEFD8961D13B59100FC2E6D /* VerifyUserNameResponse.m */ = {isa = PBXFileReference; fileEncoding = 4; lastKnownFileType = sourcecode.c.objc; path = VerifyUserNameResponse.m; sourceTree = "<group>"; };
		1BEFD8981D13B59B00FC2E6D /* VerifyEnrollmentCodeResponse.h */ = {isa = PBXFileReference; fileEncoding = 4; lastKnownFileType = sourcecode.c.h; path = VerifyEnrollmentCodeResponse.h; sourceTree = "<group>"; };
		1BEFD8991D13B59B00FC2E6D /* VerifyEnrollmentCodeResponse.m */ = {isa = PBXFileReference; fileEncoding = 4; lastKnownFileType = sourcecode.c.objc; path = VerifyEnrollmentCodeResponse.m; sourceTree = "<group>"; };
		1BEFD89B1D13B5A500FC2E6D /* RegisterUserResponse.h */ = {isa = PBXFileReference; fileEncoding = 4; lastKnownFileType = sourcecode.c.h; path = RegisterUserResponse.h; sourceTree = "<group>"; };
		1BEFD89C1D13B5A500FC2E6D /* RegisterUserResponse.m */ = {isa = PBXFileReference; fileEncoding = 4; lastKnownFileType = sourcecode.c.objc; path = RegisterUserResponse.m; sourceTree = "<group>"; };
		1BEFD89E1D13B5B000FC2E6D /* SignInResponse.h */ = {isa = PBXFileReference; fileEncoding = 4; lastKnownFileType = sourcecode.c.h; path = SignInResponse.h; sourceTree = "<group>"; };
		1BEFD89F1D13B5B000FC2E6D /* SignInResponse.m */ = {isa = PBXFileReference; fileEncoding = 4; lastKnownFileType = sourcecode.c.objc; path = SignInResponse.m; sourceTree = "<group>"; };
		1BEFD8A11D13B5BB00FC2E6D /* ResetPasswordResponse.h */ = {isa = PBXFileReference; fileEncoding = 4; lastKnownFileType = sourcecode.c.h; path = ResetPasswordResponse.h; sourceTree = "<group>"; };
		1BEFD8A21D13B5BB00FC2E6D /* ResetPasswordResponse.m */ = {isa = PBXFileReference; fileEncoding = 4; lastKnownFileType = sourcecode.c.objc; path = ResetPasswordResponse.m; sourceTree = "<group>"; };
		1BEFD8AC1D13B68100FC2E6D /* CountryCell.h */ = {isa = PBXFileReference; fileEncoding = 4; lastKnownFileType = sourcecode.c.h; path = CountryCell.h; sourceTree = "<group>"; };
		1BEFD8AD1D13B68100FC2E6D /* CountryCell.m */ = {isa = PBXFileReference; fileEncoding = 4; lastKnownFileType = sourcecode.c.objc; path = CountryCell.m; sourceTree = "<group>"; };
		1BEFD8B11D13B6AC00FC2E6D /* ViewUtility.h */ = {isa = PBXFileReference; fileEncoding = 4; lastKnownFileType = sourcecode.c.h; path = ViewUtility.h; sourceTree = "<group>"; };
		1BEFD8B21D13B6AC00FC2E6D /* ViewUtility.m */ = {isa = PBXFileReference; fileEncoding = 4; lastKnownFileType = sourcecode.c.objc; path = ViewUtility.m; sourceTree = "<group>"; };
		1BEFD8B41D13B6B800FC2E6D /* Flags.xcassets */ = {isa = PBXFileReference; lastKnownFileType = folder.assetcatalog; path = Flags.xcassets; sourceTree = "<group>"; };
		1BEFD8B61D13B7CF00FC2E6D /* LoginViewController.h */ = {isa = PBXFileReference; fileEncoding = 4; lastKnownFileType = sourcecode.c.h; path = LoginViewController.h; sourceTree = "<group>"; };
		1BEFD8B71D13B7CF00FC2E6D /* LoginViewController.m */ = {isa = PBXFileReference; fileEncoding = 4; lastKnownFileType = sourcecode.c.objc; path = LoginViewController.m; sourceTree = "<group>"; };
/* End PBXFileReference section */

/* Begin PBXFrameworksBuildPhase section */
		1BEFD81E1D13B2A700FC2E6D /* Frameworks */ = {
			isa = PBXFrameworksBuildPhase;
			buildActionMask = 2147483647;
			files = (
			);
			runOnlyForDeploymentPostprocessing = 0;
		};
/* End PBXFrameworksBuildPhase section */

/* Begin PBXGroup section */
		1BEFD8181D13B2A700FC2E6D = {
			isa = PBXGroup;
			children = (
				1BEFD8231D13B2A700FC2E6D /* iPlum */,
				1BEFD8221D13B2A700FC2E6D /* Products */,
			);
			sourceTree = "<group>";
		};
		1BEFD8221D13B2A700FC2E6D /* Products */ = {
			isa = PBXGroup;
			children = (
				1BEFD8211D13B2A700FC2E6D /* iPlum.app */,
			);
			name = Products;
			sourceTree = "<group>";
		};
		1BEFD8231D13B2A700FC2E6D /* iPlum */ = {
			isa = PBXGroup;
			children = (
				1BEFD8271D13B2A700FC2E6D /* AppDelegate.h */,
				1BEFD8281D13B2A700FC2E6D /* AppDelegate.m */,
				1BEFD8A41D13B5FF00FC2E6D /* Controllers */,
				1BEFD8A81D13B65000FC2E6D /* Utilities */,
				1BEFD8A51D13B62500FC2E6D /* Vendors */,
				1BEFD8721D13B46800FC2E6D /* Network */,
				1BEFD8471D13B3DE00FC2E6D /* FrameWorks */,
				1BEFD82D1D13B2A700FC2E6D /* Main.storyboard */,
				1BEFD8301D13B2A700FC2E6D /* Assets.xcassets */,
				1BEFD8B41D13B6B800FC2E6D /* Flags.xcassets */,
				1BEFD8321D13B2A700FC2E6D /* LaunchScreen.storyboard */,
				1BEFD8351D13B2A700FC2E6D /* Info.plist */,
				1BEFD8241D13B2A700FC2E6D /* Supporting Files */,
			);
			path = iPlum;
			sourceTree = "<group>";
		};
		1BEFD8241D13B2A700FC2E6D /* Supporting Files */ = {
			isa = PBXGroup;
			children = (
				1BEFD8251D13B2A700FC2E6D /* main.m */,
			);
			name = "Supporting Files";
			sourceTree = "<group>";
		};
		1BEFD8471D13B3DE00FC2E6D /* FrameWorks */ = {
			isa = PBXGroup;
			children = (
				1BEFD8481D13B3E900FC2E6D /* libPhoneNumber */,
			);
			name = FrameWorks;
			sourceTree = "<group>";
		};
		1BEFD8481D13B3E900FC2E6D /* libPhoneNumber */ = {
			isa = PBXGroup;
			children = (
				1BEFD8491D13B3F500FC2E6D /* NBAsYouTypeFormatter.h */,
				1BEFD84A1D13B3F500FC2E6D /* NBAsYouTypeFormatter.m */,
				1BEFD84B1D13B3F500FC2E6D /* NBMetadataCore.h */,
				1BEFD84C1D13B3F500FC2E6D /* NBMetadataCore.m */,
				1BEFD84D1D13B3F500FC2E6D /* NBMetadataCoreMapper.h */,
				1BEFD84E1D13B3F500FC2E6D /* NBMetadataCoreMapper.m */,
				1BEFD84F1D13B3F500FC2E6D /* NBMetadataCoreTest.h */,
				1BEFD8501D13B3F500FC2E6D /* NBMetadataCoreTest.m */,
				1BEFD8511D13B3F500FC2E6D /* NBMetadataCoreTestMapper.h */,
				1BEFD8521D13B3F500FC2E6D /* NBMetadataCoreTestMapper.m */,
				1BEFD8531D13B3F500FC2E6D /* NBMetadataHelper.h */,
				1BEFD8541D13B3F500FC2E6D /* NBMetadataHelper.m */,
				1BEFD8551D13B3F500FC2E6D /* NBNumberFormat.h */,
				1BEFD8561D13B3F500FC2E6D /* NBNumberFormat.m */,
				1BEFD8571D13B3F500FC2E6D /* NBPhoneMetaData.h */,
				1BEFD8581D13B3F500FC2E6D /* NBPhoneMetaData.m */,
				1BEFD8591D13B3F500FC2E6D /* NBPhoneMetaDataGenerator.h */,
				1BEFD85A1D13B3F500FC2E6D /* NBPhoneMetaDataGenerator.m */,
				1BEFD85B1D13B3F500FC2E6D /* NBPhoneNumber.h */,
				1BEFD85C1D13B3F500FC2E6D /* NBPhoneNumber.m */,
				1BEFD85D1D13B3F500FC2E6D /* NBPhoneNumberDefines.h */,
				1BEFD85E1D13B3F500FC2E6D /* NBPhoneNumberDefines.m */,
				1BEFD85F1D13B3F500FC2E6D /* NBPhoneNumberDesc.h */,
				1BEFD8601D13B3F500FC2E6D /* NBPhoneNumberDesc.m */,
				1BEFD8611D13B3F500FC2E6D /* NBPhoneNumberMetadata.plist */,
				1BEFD8621D13B3F500FC2E6D /* NBPhoneNumberUtil.h */,
				1BEFD8631D13B3F500FC2E6D /* NBPhoneNumberUtil.m */,
			);
			name = libPhoneNumber;
			sourceTree = "<group>";
		};
		1BEFD8721D13B46800FC2E6D /* Network */ = {
			isa = PBXGroup;
			children = (
				1BEFD8731D13B47C00FC2E6D /* Models */,
			);
			name = Network;
			sourceTree = "<group>";
		};
		1BEFD8731D13B47C00FC2E6D /* Models */ = {
			isa = PBXGroup;
			children = (
				1BEFD8751D13B49500FC2E6D /* ResponseModels */,
				1BEFD8741D13B48700FC2E6D /* RequestModels */,
				1BEFD8761D13B4B000FC2E6D /* NetWork.h */,
				1BEFD8771D13B4B000FC2E6D /* NetWork.m */,
				1BEFD8791D13B4C700FC2E6D /* MyInformationDataHandler.h */,
				1BEFD87A1D13B4C700FC2E6D /* MyInformationDataHandler.m */,
			);
			name = Models;
			sourceTree = "<group>";
		};
		1BEFD8741D13B48700FC2E6D /* RequestModels */ = {
			isa = PBXGroup;
			children = (
				1BEFD87D1D13B51100FC2E6D /* LoginRequest.h */,
				1BEFD87E1D13B51100FC2E6D /* LoginRequest.m */,
				1BEFD8801D13B51E00FC2E6D /* VerifyUserNameRequest.h */,
				1BEFD8811D13B51E00FC2E6D /* VerifyUserNameRequest.m */,
				1BEFD8831D13B52800FC2E6D /* VerifyEnrollmentCodeRequest.h */,
				1BEFD8841D13B52800FC2E6D /* VerifyEnrollmentCodeRequest.m */,
				1BEFD8861D13B53200FC2E6D /* RegisterUserRequest.h */,
				1BEFD8871D13B53300FC2E6D /* RegisterUserRequest.m */,
				1BEFD8891D13B53F00FC2E6D /* TransferFinancialRequest.h */,
				1BEFD88A1D13B53F00FC2E6D /* TransferFinancialRequest.m */,
				1BEFD88C1D13B54C00FC2E6D /* SignInRequest.h */,
				1BEFD88D1D13B54C00FC2E6D /* SignInRequest.m */,
				1BEFD88F1D13B55600FC2E6D /* ResetPasswordRequest.h */,
				1BEFD8901D13B55600FC2E6D /* ResetPasswordRequest.m */,
			);
			name = RequestModels;
			sourceTree = "<group>";
		};
		1BEFD8751D13B49500FC2E6D /* ResponseModels */ = {
			isa = PBXGroup;
			children = (
				1BEFD8921D13B56B00FC2E6D /* LoginResponse.h */,
				1BEFD8931D13B56B00FC2E6D /* LoginResponse.m */,
				1BEFD8951D13B59100FC2E6D /* VerifyUserNameResponse.h */,
				1BEFD8961D13B59100FC2E6D /* VerifyUserNameResponse.m */,
				1BEFD8981D13B59B00FC2E6D /* VerifyEnrollmentCodeResponse.h */,
				1BEFD8991D13B59B00FC2E6D /* VerifyEnrollmentCodeResponse.m */,
				1BEFD89B1D13B5A500FC2E6D /* RegisterUserResponse.h */,
				1BEFD89C1D13B5A500FC2E6D /* RegisterUserResponse.m */,
				1BEFD89E1D13B5B000FC2E6D /* SignInResponse.h */,
				1BEFD89F1D13B5B000FC2E6D /* SignInResponse.m */,
				1BEFD8A11D13B5BB00FC2E6D /* ResetPasswordResponse.h */,
				1BEFD8A21D13B5BB00FC2E6D /* ResetPasswordResponse.m */,
			);
			name = ResponseModels;
			sourceTree = "<group>";
		};
		1BEFD8A41D13B5FF00FC2E6D /* Controllers */ = {
			isa = PBXGroup;
			children = (
				1BEFD82A1D13B2A700FC2E6D /* ViewController.h */,
				1BEFD82B1D13B2A700FC2E6D /* ViewController.m */,
				1BEFD8B61D13B7CF00FC2E6D /* LoginViewController.h */,
				1BEFD8B71D13B7CF00FC2E6D /* LoginViewController.m */,
				1BEFD83B1D13B36500FC2E6D /* SignUpViewController.h */,
				1BEFD83C1D13B36500FC2E6D /* SignUpViewController.m */,
				1BEFD83E1D13B37E00FC2E6D /* VerifyNumberViewController.h */,
				1BEFD83F1D13B37E00FC2E6D /* VerifyNumberViewController.m */,
				1BEFD8411D13B3AE00FC2E6D /* AccountSetUpViewController.h */,
				1BEFD8421D13B3AE00FC2E6D /* AccountSetUpViewController.m */,
				1BEFD8441D13B3BA00FC2E6D /* TransferAccountViewController.h */,
				1BEFD8451D13B3BA00FC2E6D /* TransferAccountViewController.m */,
			);
			name = Controllers;
			sourceTree = "<group>";
		};
		1BEFD8A51D13B62500FC2E6D /* Vendors */ = {
			isa = PBXGroup;
			children = (
				1BEFD8A61D13B63700FC2E6D /* Social */,
			);
			name = Vendors;
			sourceTree = "<group>";
		};
		1BEFD8A61D13B63700FC2E6D /* Social */ = {
			isa = PBXGroup;
			children = (
			);
			name = Social;
			sourceTree = "<group>";
		};
		1BEFD8A81D13B65000FC2E6D /* Utilities */ = {
			isa = PBXGroup;
			children = (
				1BEFD8AA1D13B66600FC2E6D /* CustomCell */,
				1BEFD8B11D13B6AC00FC2E6D /* ViewUtility.h */,
				1BEFD8B21D13B6AC00FC2E6D /* ViewUtility.m */,
			);
			name = Utilities;
			sourceTree = "<group>";
		};
		1BEFD8AA1D13B66600FC2E6D /* CustomCell */ = {
			isa = PBXGroup;
			children = (
				1BEFD8AC1D13B68100FC2E6D /* CountryCell.h */,
				1BEFD8AD1D13B68100FC2E6D /* CountryCell.m */,
			);
			name = CustomCell;
			sourceTree = "<group>";
		};
/* End PBXGroup section */

/* Begin PBXNativeTarget section */
		1BEFD8201D13B2A700FC2E6D /* iPlum */ = {
			isa = PBXNativeTarget;
			buildConfigurationList = 1BEFD8381D13B2A700FC2E6D /* Build configuration list for PBXNativeTarget "iPlum" */;
			buildPhases = (
				1BEFD81D1D13B2A700FC2E6D /* Sources */,
				1BEFD81E1D13B2A700FC2E6D /* Frameworks */,
				1BEFD81F1D13B2A700FC2E6D /* Resources */,
			);
			buildRules = (
			);
			dependencies = (
			);
			name = iPlum;
			productName = iPlum;
			productReference = 1BEFD8211D13B2A700FC2E6D /* iPlum.app */;
			productType = "com.apple.product-type.application";
		};
/* End PBXNativeTarget section */

/* Begin PBXProject section */
		1BEFD8191D13B2A700FC2E6D /* Project object */ = {
			isa = PBXProject;
			attributes = {
				LastUpgradeCheck = 0730;
				ORGANIZATIONNAME = Brahma;
				TargetAttributes = {
					1BEFD8201D13B2A700FC2E6D = {
						CreatedOnToolsVersion = 7.3;
					};
				};
			};
			buildConfigurationList = 1BEFD81C1D13B2A700FC2E6D /* Build configuration list for PBXProject "iPlum" */;
			compatibilityVersion = "Xcode 3.2";
			developmentRegion = English;
			hasScannedForEncodings = 0;
			knownRegions = (
				en,
				Base,
			);
			mainGroup = 1BEFD8181D13B2A700FC2E6D;
			productRefGroup = 1BEFD8221D13B2A700FC2E6D /* Products */;
			projectDirPath = "";
			projectRoot = "";
			targets = (
				1BEFD8201D13B2A700FC2E6D /* iPlum */,
			);
		};
/* End PBXProject section */

/* Begin PBXResourcesBuildPhase section */
		1BEFD81F1D13B2A700FC2E6D /* Resources */ = {
			isa = PBXResourcesBuildPhase;
			buildActionMask = 2147483647;
			files = (
				1BEFD8B51D13B6B800FC2E6D /* Flags.xcassets in Resources */,
				1BEFD8341D13B2A700FC2E6D /* LaunchScreen.storyboard in Resources */,
				1BEFD8701D13B3F500FC2E6D /* NBPhoneNumberMetadata.plist in Resources */,
				1BEFD8311D13B2A700FC2E6D /* Assets.xcassets in Resources */,
				1BEFD82F1D13B2A700FC2E6D /* Main.storyboard in Resources */,
			);
			runOnlyForDeploymentPostprocessing = 0;
		};
/* End PBXResourcesBuildPhase section */

/* Begin PBXSourcesBuildPhase section */
		1BEFD81D1D13B2A700FC2E6D /* Sources */ = {
			isa = PBXSourcesBuildPhase;
			buildActionMask = 2147483647;
			files = (
				1BEFD8681D13B3F500FC2E6D /* NBMetadataCoreTestMapper.m in Sources */,
				1BEFD8781D13B4B000FC2E6D /* NetWork.m in Sources */,
				1BEFD8971D13B59100FC2E6D /* VerifyUserNameResponse.m in Sources */,
				1BEFD8641D13B3F500FC2E6D /* NBAsYouTypeFormatter.m in Sources */,
				1BEFD8AE1D13B68100FC2E6D /* CountryCell.m in Sources */,
				1BEFD88E1D13B54C00FC2E6D /* SignInRequest.m in Sources */,
				1BEFD86E1D13B3F500FC2E6D /* NBPhoneNumberDefines.m in Sources */,
				1BEFD8671D13B3F500FC2E6D /* NBMetadataCoreTest.m in Sources */,
				1BEFD86A1D13B3F500FC2E6D /* NBNumberFormat.m in Sources */,
				1BEFD82C1D13B2A700FC2E6D /* ViewController.m in Sources */,
				1BEFD8691D13B3F500FC2E6D /* NBMetadataHelper.m in Sources */,
				1BEFD86B1D13B3F500FC2E6D /* NBPhoneMetaData.m in Sources */,
				1BEFD86C1D13B3F500FC2E6D /* NBPhoneMetaDataGenerator.m in Sources */,
				1BEFD89D1D13B5A600FC2E6D /* RegisterUserResponse.m in Sources */,
				1BEFD8291D13B2A700FC2E6D /* AppDelegate.m in Sources */,
				1BEFD87B1D13B4C700FC2E6D /* MyInformationDataHandler.m in Sources */,
				1BEFD86F1D13B3F500FC2E6D /* NBPhoneNumberDesc.m in Sources */,
				1BEFD86D1D13B3F500FC2E6D /* NBPhoneNumber.m in Sources */,
				1BEFD8B31D13B6AC00FC2E6D /* ViewUtility.m in Sources */,
				1BEFD8651D13B3F500FC2E6D /* NBMetadataCore.m in Sources */,
				1BEFD8941D13B56B00FC2E6D /* LoginResponse.m in Sources */,
				1BEFD8851D13B52800FC2E6D /* VerifyEnrollmentCodeRequest.m in Sources */,
				1BEFD8A31D13B5BB00FC2E6D /* ResetPasswordResponse.m in Sources */,
				1BEFD8911D13B55600FC2E6D /* ResetPasswordRequest.m in Sources */,
				1BEFD83D1D13B36500FC2E6D /* SignUpViewController.m in Sources */,
				1BEFD8A01D13B5B000FC2E6D /* SignInResponse.m in Sources */,
				1BEFD8881D13B53300FC2E6D /* RegisterUserRequest.m in Sources */,
				1BEFD8821D13B51E00FC2E6D /* VerifyUserNameRequest.m in Sources */,
				1BEFD8401D13B37E00FC2E6D /* VerifyNumberViewController.m in Sources */,
				1BEFD89A1D13B59B00FC2E6D /* VerifyEnrollmentCodeResponse.m in Sources */,
				1BEFD8661D13B3F500FC2E6D /* NBMetadataCoreMapper.m in Sources */,
				1BEFD8431D13B3AE00FC2E6D /* AccountSetUpViewController.m in Sources */,
				1BEFD8461D13B3BA00FC2E6D /* TransferAccountViewController.m in Sources */,
				1BEFD88B1D13B53F00FC2E6D /* TransferFinancialRequest.m in Sources */,
				1BEFD8B81D13B7CF00FC2E6D /* LoginViewController.m in Sources */,
				1BEFD87F1D13B51100FC2E6D /* LoginRequest.m in Sources */,
				1BEFD8261D13B2A700FC2E6D /* main.m in Sources */,
				1BEFD8711D13B3F500FC2E6D /* NBPhoneNumberUtil.m in Sources */,
			);
			runOnlyForDeploymentPostprocessing = 0;
		};
/* End PBXSourcesBuildPhase section */

/* Begin PBXVariantGroup section */
		1BEFD82D1D13B2A700FC2E6D /* Main.storyboard */ = {
			isa = PBXVariantGroup;
			children = (
				1BEFD82E1D13B2A700FC2E6D /* Base */,
			);
			name = Main.storyboard;
			sourceTree = "<group>";
		};
		1BEFD8321D13B2A700FC2E6D /* LaunchScreen.storyboard */ = {
			isa = PBXVariantGroup;
			children = (
				1BEFD8331D13B2A700FC2E6D /* Base */,
			);
			name = LaunchScreen.storyboard;
			sourceTree = "<group>";
		};
/* End PBXVariantGroup section */

/* Begin XCBuildConfiguration section */
		1BEFD8361D13B2A700FC2E6D /* Debug */ = {
			isa = XCBuildConfiguration;
			buildSettings = {
				ALWAYS_SEARCH_USER_PATHS = NO;
				CLANG_ANALYZER_NONNULL = YES;
				CLANG_CXX_LANGUAGE_STANDARD = "gnu++0x";
				CLANG_CXX_LIBRARY = "libc++";
				CLANG_ENABLE_MODULES = YES;
				CLANG_ENABLE_OBJC_ARC = YES;
				CLANG_WARN_BOOL_CONVERSION = YES;
				CLANG_WARN_CONSTANT_CONVERSION = YES;
				CLANG_WARN_DIRECT_OBJC_ISA_USAGE = YES_ERROR;
				CLANG_WARN_EMPTY_BODY = YES;
				CLANG_WARN_ENUM_CONVERSION = YES;
				CLANG_WARN_INT_CONVERSION = YES;
				CLANG_WARN_OBJC_ROOT_CLASS = YES_ERROR;
				CLANG_WARN_UNREACHABLE_CODE = YES;
				CLANG_WARN__DUPLICATE_METHOD_MATCH = YES;
				"CODE_SIGN_IDENTITY[sdk=iphoneos*]" = "iPhone Developer";
				COPY_PHASE_STRIP = NO;
				DEBUG_INFORMATION_FORMAT = dwarf;
				ENABLE_STRICT_OBJC_MSGSEND = YES;
				ENABLE_TESTABILITY = YES;
				GCC_C_LANGUAGE_STANDARD = gnu99;
				GCC_DYNAMIC_NO_PIC = NO;
				GCC_NO_COMMON_BLOCKS = YES;
				GCC_OPTIMIZATION_LEVEL = 0;
				GCC_PREPROCESSOR_DEFINITIONS = (
					"DEBUG=1",
					"$(inherited)",
				);
				GCC_WARN_64_TO_32_BIT_CONVERSION = YES;
				GCC_WARN_ABOUT_RETURN_TYPE = YES_ERROR;
				GCC_WARN_UNDECLARED_SELECTOR = YES;
				GCC_WARN_UNINITIALIZED_AUTOS = YES_AGGRESSIVE;
				GCC_WARN_UNUSED_FUNCTION = YES;
				GCC_WARN_UNUSED_VARIABLE = YES;
				IPHONEOS_DEPLOYMENT_TARGET = 9.3;
				MTL_ENABLE_DEBUG_INFO = YES;
				ONLY_ACTIVE_ARCH = YES;
				SDKROOT = iphoneos;
			};
			name = Debug;
		};
		1BEFD8371D13B2A700FC2E6D /* Release */ = {
			isa = XCBuildConfiguration;
			buildSettings = {
				ALWAYS_SEARCH_USER_PATHS = NO;
				CLANG_ANALYZER_NONNULL = YES;
				CLANG_CXX_LANGUAGE_STANDARD = "gnu++0x";
				CLANG_CXX_LIBRARY = "libc++";
				CLANG_ENABLE_MODULES = YES;
				CLANG_ENABLE_OBJC_ARC = YES;
				CLANG_WARN_BOOL_CONVERSION = YES;
				CLANG_WARN_CONSTANT_CONVERSION = YES;
				CLANG_WARN_DIRECT_OBJC_ISA_USAGE = YES_ERROR;
				CLANG_WARN_EMPTY_BODY = YES;
				CLANG_WARN_ENUM_CONVERSION = YES;
				CLANG_WARN_INT_CONVERSION = YES;
				CLANG_WARN_OBJC_ROOT_CLASS = YES_ERROR;
				CLANG_WARN_UNREACHABLE_CODE = YES;
				CLANG_WARN__DUPLICATE_METHOD_MATCH = YES;
				"CODE_SIGN_IDENTITY[sdk=iphoneos*]" = "iPhone Developer";
				COPY_PHASE_STRIP = NO;
				DEBUG_INFORMATION_FORMAT = "dwarf-with-dsym";
				ENABLE_NS_ASSERTIONS = NO;
				ENABLE_STRICT_OBJC_MSGSEND = YES;
				GCC_C_LANGUAGE_STANDARD = gnu99;
				GCC_NO_COMMON_BLOCKS = YES;
				GCC_WARN_64_TO_32_BIT_CONVERSION = YES;
				GCC_WARN_ABOUT_RETURN_TYPE = YES_ERROR;
				GCC_WARN_UNDECLARED_SELECTOR = YES;
				GCC_WARN_UNINITIALIZED_AUTOS = YES_AGGRESSIVE;
				GCC_WARN_UNUSED_FUNCTION = YES;
				GCC_WARN_UNUSED_VARIABLE = YES;
				IPHONEOS_DEPLOYMENT_TARGET = 9.3;
				MTL_ENABLE_DEBUG_INFO = NO;
				SDKROOT = iphoneos;
				VALIDATE_PRODUCT = YES;
			};
			name = Release;
		};
		1BEFD8391D13B2A700FC2E6D /* Debug */ = {
			isa = XCBuildConfiguration;
			buildSettings = {
				ASSETCATALOG_COMPILER_APPICON_NAME = AppIcon;
				INFOPLIST_FILE = iPlum/Info.plist;
				LD_RUNPATH_SEARCH_PATHS = "$(inherited) @executable_path/Frameworks";
				PRODUCT_BUNDLE_IDENTIFIER = com.iPlum;
				PRODUCT_NAME = "$(TARGET_NAME)";
			};
			name = Debug;
		};
		1BEFD83A1D13B2A700FC2E6D /* Release */ = {
			isa = XCBuildConfiguration;
			buildSettings = {
				ASSETCATALOG_COMPILER_APPICON_NAME = AppIcon;
				INFOPLIST_FILE = iPlum/Info.plist;
				LD_RUNPATH_SEARCH_PATHS = "$(inherited) @executable_path/Frameworks";
				PRODUCT_BUNDLE_IDENTIFIER = com.iPlum;
				PRODUCT_NAME = "$(TARGET_NAME)";
			};
			name = Release;
		};
/* End XCBuildConfiguration section */

/* Begin XCConfigurationList section */
		1BEFD81C1D13B2A700FC2E6D /* Build configuration list for PBXProject "iPlum" */ = {
			isa = XCConfigurationList;
			buildConfigurations = (
				1BEFD8361D13B2A700FC2E6D /* Debug */,
				1BEFD8371D13B2A700FC2E6D /* Release */,
			);
			defaultConfigurationIsVisible = 0;
			defaultConfigurationName = Release;
		};
		1BEFD8381D13B2A700FC2E6D /* Build configuration list for PBXNativeTarget "iPlum" */ = {
			isa = XCConfigurationList;
			buildConfigurations = (
				1BEFD8391D13B2A700FC2E6D /* Debug */,
				1BEFD83A1D13B2A700FC2E6D /* Release */,
			);
			defaultConfigurationIsVisible = 0;
		};
/* End XCConfigurationList section */
	};
	rootObject = 1BEFD8191D13B2A700FC2E6D /* Project object */;
}
